
Microsoft Visual Studio Solution File, Format Version 12.00
Project("{FAE04EC0-301F-11D3-BF4B-00C04F79EFBC}") = "PracticeGit", "PracticeGit\PracticeGit.csproj", "{AFD1AA8F-AE11-47F9-A409-9B103241882F}"
EndProject
Global
	GlobalSection(SolutionConfigurationPlatforms) = preSolution
		Debug|Any CPU = Debug|Any CPU
		Release|Any CPU = Release|Any CPU
	EndGlobalSection
	GlobalSection(ProjectConfigurationPlatforms) = postSolution
		{AFD1AA8F-AE11-47F9-A409-9B103241882F}.Debug|Any CPU.ActiveCfg = Debug|Any CPU
		{AFD1AA8F-AE11-47F9-A409-9B103241882F}.Debug|Any CPU.Build.0 = Debug|Any CPU
		{AFD1AA8F-AE11-47F9-A409-9B103241882F}.Release|Any CPU.ActiveCfg = Release|Any CPU
		{AFD1AA8F-AE11-47F9-A409-9B103241882F}.Release|Any CPU.Build.0 = Release|Any CPU
	EndGlobalSection
EndGlobal
